
Microsoft Visual Studio Solution File, Format Version 12.00
# Visual Studio Version 16
VisualStudioVersion = 16.0.30804.86
MinimumVisualStudioVersion = 10.0.40219.1
Project("{FAE04EC0-301F-11D3-BF4B-00C04F79EFBC}") = "MsgDemo", "MsgDemo\MsgDemo.csproj", "{8C5292AC-1259-47E5-952F-5F3CFFD158FD}"
EndProject
Global
	GlobalSection(SolutionConfigurationPlatforms) = preSolution
		Debug|Any CPU = Debug|Any CPU
		Release|Any CPU = Release|Any CPU
	EndGlobalSection
	GlobalSection(ProjectConfigurationPlatforms) = postSolution
		{8C5292AC-1259-47E5-952F-5F3CFFD158FD}.Debug|Any CPU.ActiveCfg = Debug|Any CPU
		{8C5292AC-1259-47E5-952F-5F3CFFD158FD}.Debug|Any CPU.Build.0 = Debug|Any CPU
		{8C5292AC-1259-47E5-952F-5F3CFFD158FD}.Release|Any CPU.ActiveCfg = Release|Any CPU
		{8C5292AC-1259-47E5-952F-5F3CFFD158FD}.Release|Any CPU.Build.0 = Release|Any CPU
	EndGlobalSection
	GlobalSection(SolutionProperties) = preSolution
		HideSolutionNode = FALSE
	EndGlobalSection
	GlobalSection(ExtensibilityGlobals) = postSolution
		SolutionGuid = {EC58427A-5E9D-49CC-96E0-DC33138FE55D}
	EndGlobalSection
EndGlobal
